lockfileVersion: '9.0'

settings:
    autoInstallPeers: true
    excludeLinksFromLockfile: false

importers:
    .:
        dependencies:
            '@iota/bcs':
                specifier: ^1.0.0
                version: 1.0.0
            '@iota/iota-sdk':
                specifier: ^1.0.0
                version: 1.0.1(typescript@5.8.3)
            axios:
                specifier: ^1.7.9
                version: 1.9.0
            bech32:
                specifier: ^2.0.0
                version: 2.0.0
            ed25519:
                specifier: link:@iota/iota-sdk/keypairs/ed25519
                version: link:@iota/iota-sdk/keypairs/ed25519
            ws:
                specifier: ^8.18.0
                version: 8.18.2
        devDependencies:
            '@ianvs/prettier-plugin-sort-imports':
                specifier: ^4.4.1
                version: 4.4.1(prettier@3.5.3)
            '@types/node':
                specifier: ^22.15.17
                version: 22.15.17
            '@types/ws':
                specifier: ^8.5.14
                version: 8.18.1
            prettier:
                specifier: ^3.5.3
                version: 3.5.3

packages:
    '@0no-co/graphql.web@1.1.2':
        resolution:
            {
                integrity: sha512-N2NGsU5FLBhT8NZ+3l2YrzZSHITjNXNuDhC4iDiikv0IujaJ0Xc6xIxQZ/Ek3Cb+rgPjnLHYyJm11tInuJn+cw==,
            }
        peerDependencies:
            graphql: ^14.0.0 || ^15.0.0 || ^16.0.0
        peerDependenciesMeta:
            graphql:
                optional: true

    '@0no-co/graphqlsp@1.12.16':
        resolution:
            {
                integrity: sha512-B5pyYVH93Etv7xjT6IfB7QtMBdaaC07yjbhN6v8H7KgFStMkPvi+oWYBTibMFRMY89qwc9H8YixXg8SXDVgYWw==,
            }
        peerDependencies:
            graphql: ^15.5.0 || ^16.0.0 || ^17.0.0
            typescript: ^5.0.0

    '@babel/code-frame@7.27.1':
        resolution:
            {
                integrity: sha512-cjQ7ZlQ0Mv3b47hABuTevyTuYN4i+loJKGeV9flcCgIK37cCXRh+L1bd3iBHlynerhQ7BhCkn2BPbQUL+rGqFg==,
            }
        engines: { node: '>=6.9.0' }

    '@babel/generator@7.27.1':
        resolution:
            {
                integrity: sha512-UnJfnIpc/+JO0/+KRVQNGU+y5taA5vCbwN8+azkX6beii/ZF+enZJSOKo11ZSzGJjlNfJHfQtmQT8H+9TXPG2w==,
            }
        engines: { node: '>=6.9.0' }

    '@babel/helper-string-parser@7.27.1':
        resolution:
            {
                integrity: sha512-qMlSxKbpRlAridDExk92nSobyDdpPijUq2DW6oDnUqd0iOGxmQjyqhMIihI9+zv4LPyZdRje2cavWPbCbWm3eA==,
            }
        engines: { node: '>=6.9.0' }

    '@babel/helper-validator-identifier@7.27.1':
        resolution:
            {
                integrity: sha512-D2hP9eA+Sqx1kBZgzxZh0y1trbuU+JoDkiEwqhQ36nodYqJwyEIhPSdMNd7lOm/4io72luTPWH20Yda0xOuUow==,
            }
        engines: { node: '>=6.9.0' }

    '@babel/parser@7.27.2':
        resolution:
            {
                integrity: sha512-QYLs8299NA7WM/bZAdp+CviYYkVoYXlDW2rzliy3chxd1PQjej7JORuMJDJXJUb9g0TT+B99EwaVLKmX+sPXWw==,
            }
        engines: { node: '>=6.0.0' }
        hasBin: true

    '@babel/template@7.27.2':
        resolution:
            {
                integrity: sha512-LPDZ85aEJyYSd18/DkjNh4/y1ntkE5KwUHWTiqgRxruuZL2F1yuHligVHLvcHY2vMHXttKFpJn6LwfI7cw7ODw==,
            }
        engines: { node: '>=6.9.0' }

    '@babel/traverse@7.27.1':
        resolution:
            {
                integrity: sha512-ZCYtZciz1IWJB4U61UPu4KEaqyfj+r5T1Q5mqPo+IBpcG9kHv30Z0aD8LXPgC1trYa6rK0orRyAhqUgk4MjmEg==,
            }
        engines: { node: '>=6.9.0' }

    '@babel/types@7.27.1':
        resolution:
            {
                integrity: sha512-+EzkxvLNfiUeKMgy/3luqfsCWFRXLb7U6wNQTk60tovuckwB15B191tJWvpp4HjiQWdJkCxO3Wbvc6jlk3Xb2Q==,
            }
        engines: { node: '>=6.9.0' }

    '@gql.tada/cli-utils@1.6.3':
        resolution:
            {
                integrity: sha512-jFFSY8OxYeBxdKi58UzeMXG1tdm4FVjXa8WHIi66Gzu9JWtCE6mqom3a8xkmSw+mVaybFW5EN2WXf1WztJVNyQ==,
            }
        peerDependencies:
            '@0no-co/graphqlsp': ^1.12.13
            '@gql.tada/svelte-support': 1.0.1
            '@gql.tada/vue-support': 1.0.1
            graphql: ^15.5.0 || ^16.0.0 || ^17.0.0
            typescript: ^5.0.0
        peerDependenciesMeta:
            '@gql.tada/svelte-support':
                optional: true
            '@gql.tada/vue-support':
                optional: true

    '@gql.tada/internal@1.0.8':
        resolution:
            {
                integrity: sha512-XYdxJhtHC5WtZfdDqtKjcQ4d7R1s0d1rnlSs3OcBEUbYiPoJJfZU7tWsVXuv047Z6msvmr4ompJ7eLSK5Km57g==,
            }
        peerDependencies:
            graphql: ^15.5.0 || ^16.0.0 || ^17.0.0
            typescript: ^5.0.0

    '@graphql-typed-document-node/core@3.2.0':
        resolution:
            {
                integrity: sha512-mB9oAsNCm9aM3/SOv4YtBMqZbYj10R7dkq8byBqxGY/ncFwhf2oQzMV+LCRlWoDSEBJ3COiR1yeDvMtsoOsuFQ==,
            }
        peerDependencies:
            graphql: ^0.8.0 || ^0.9.0 || ^0.10.0 || ^0.11.0 || ^0.12.0 || ^0.13.0 || ^14.0.0 || ^15.0.0 || ^16.0.0 || ^17.0.0

    '@ianvs/prettier-plugin-sort-imports@4.4.1':
        resolution:
            {
                integrity: sha512-F0/Hrcfpy8WuxlQyAWJTEren/uxKhYonOGY4OyWmwRdeTvkh9mMSCxowZLjNkhwi/2ipqCgtXwwOk7tW0mWXkA==,
            }
        peerDependencies:
            '@vue/compiler-sfc': 2.7.x || 3.x
            prettier: 2 || 3
        peerDependenciesMeta:
            '@vue/compiler-sfc':
                optional: true

    '@iota/bcs@1.0.0':
        resolution:
            {
                integrity: sha512-oxXgpzlL0d2jbzZH/9XmLcM+jmPbYT1hbbPfkvzMZvGChIDw1zLvp1EFsJtb2hAcLHORIAHIV0xEhzhBpIlSqA==,
            }

    '@iota/iota-sdk@1.0.1':
        resolution:
            {
                integrity: sha512-1AYDlYB1re8EKwsIdl6pOAzYNHVxnaOY9hvh9S6zTEI0W6jQS+byS+xMVym5LS/7g1S3gcCpiEbPFuPN7Wd6xA==,
            }
        engines: { node: '>=20' }

    '@jridgewell/gen-mapping@0.3.8':
        resolution:
            {
                integrity: sha512-imAbBGkb+ebQyxKgzv5Hu2nmROxoDOXHh80evxdoXNOrvAnVx7zimzc1Oo5h9RlfV4vPXaE2iM5pOFbvOCClWA==,
            }
        engines: { node: '>=6.0.0' }

    '@jridgewell/resolve-uri@3.1.2':
        resolution:
            {
                integrity: sha512-bRISgCIjP20/tbWSPWMEi54QVPRZExkuD9lJL+UIxUKtwVJA8wW1Trb1jMs1RFXo1CBTNZ/5hpC9QvmKWdopKw==,
            }
        engines: { node: '>=6.0.0' }

    '@jridgewell/set-array@1.2.1':
        resolution:
            {
                integrity: sha512-R8gLRTZeyp03ymzP/6Lil/28tGeGEzhx1q2k703KGWRAI1VdvPIXdG70VJc2pAMw3NA6JKL5hhFu1sJX0Mnn/A==,
            }
        engines: { node: '>=6.0.0' }

    '@jridgewell/sourcemap-codec@1.5.0':
        resolution:
            {
                integrity: sha512-gv3ZRaISU3fjPAgNsriBRqGWQL6quFx04YMPW/zD8XMLsU32mhCCbfbO6KZFLjvYpCZ8zyDEgqsgf+PwPaM7GQ==,
            }

    '@jridgewell/trace-mapping@0.3.25':
        resolution:
            {
                integrity: sha512-vNk6aEwybGtawWmy/PzwnGDOjCkLWSD2wqvjGGAgOAwCGWySYXfYoxt00IJkTF+8Lb57DwOb3Aa0o9CApepiYQ==,
            }

    '@noble/curves@1.9.0':
        resolution:
            {
                integrity: sha512-7YDlXiNMdO1YZeH6t/kvopHHbIZzlxrCV9WLqCY6QhcXOoXiNCMDqJIglZ9Yjx5+w7Dz30TITFrlTjnRg7sKEg==,
            }
        engines: { node: ^14.21.3 || >=16 }

    '@noble/hashes@1.8.0':
        resolution:
            {
                integrity: sha512-jCs9ldd7NwzpgXDIf6P3+NrHh9/sD6CQdxHyjQI+h/6rDNo88ypBxxz45UDuZHz9r3tNz7N/VInSVoVdtXEI4A==,
            }
        engines: { node: ^14.21.3 || >=16 }

    '@scure/base@1.2.5':
        resolution:
            {
                integrity: sha512-9rE6EOVeIQzt5TSu4v+K523F8u6DhBsoZWPGKlnCshhlDhy0kJzUX4V+tr2dWmzF1GdekvThABoEQBGBQI7xZw==,
            }

    '@scure/bip32@1.7.0':
        resolution:
            {
                integrity: sha512-E4FFX/N3f4B80AKWp5dP6ow+flD1LQZo/w8UnLGYZO674jS6YnYeepycOOksv+vLPSpgN35wgKgy+ybfTb2SMw==,
            }

    '@scure/bip39@1.6.0':
        resolution:
            {
                integrity: sha512-+lF0BbLiJNwVlev4eKelw1WWLaiKXw7sSl8T6FvBlWkdX+94aGJ4o8XjUdlyhTCjd8c+B3KT3JfS8P0bLRNU6A==,
            }

    '@suchipi/femver@1.0.0':
        resolution:
            {
                integrity: sha512-bprE8+K5V+DPX7q2e2K57ImqNBdfGHDIWaGI5xHxZoxbKOuQZn4wzPiUxOAHnsUr3w3xHrWXwN7gnG/iIuEMIg==,
            }

    '@types/node@22.15.17':
        resolution:
            {
                integrity: sha512-wIX2aSZL5FE+MR0JlvF87BNVrtFWf6AE6rxSE9X7OwnVvoyCQjpzSRJ+M87se/4QCkCiebQAqrJ0y6fwIyi7nw==,
            }

    '@types/ws@8.18.1':
        resolution:
            {
                integrity: sha512-ThVF6DCVhA8kUGy+aazFQ4kXQ7E1Ty7A3ypFOe0IcJV8O/M511G99AW24irKrW56Wt44yG9+ij8FaqoBGkuBXg==,
            }

    asynckit@0.4.0:
        resolution:
            {
                integrity: sha512-Oei9OH4tRh0YqU3GxhX79dM/mwVgvbZJaSNaRk+bshkj0S5cfHcgYakreBjrHwatXKbz+IoIdYLxrKim2MjW0Q==,
            }

    axios@1.9.0:
        resolution:
            {
                integrity: sha512-re4CqKTJaURpzbLHtIi6XpDv20/CnpXOtjRY5/CU32L8gU8ek9UIivcfvSWvmKEngmVbrUtPpdDwWDWL7DNHvg==,
            }

    base-x@5.0.1:
        resolution:
            {
                integrity: sha512-M7uio8Zt++eg3jPj+rHMfCC+IuygQHHCOU+IYsVtik6FWjuYpVt/+MRKcgsAMHh8mMFAwnB+Bs+mTrFiXjMzKg==,
            }

    bech32@2.0.0:
        resolution:
            {
                integrity: sha512-LcknSilhIGatDAsY1ak2I8VtGaHNhgMSYVxFrGLXv+xLHytaKZKcaUJJUE7qmBr7h33o5YQwP55pMI0xmkpJwg==,
            }

    bs58@6.0.0:
        resolution:
            {
                integrity: sha512-PD0wEnEYg6ijszw/u8s+iI3H17cTymlrwkKhDhPZq+Sokl3AU4htyBFTjAeNAlCCmg0f53g6ih3jATyCKftTfw==,
            }

    call-bind-apply-helpers@1.0.2:
        resolution:
            {
                integrity: sha512-Sp1ablJ0ivDkSzjcaJdxEunN5/XvksFJ2sMBFfq6x0ryhQV/2b/KwFe21cMpmHtPOSij8K99/wSfoEuTObmuMQ==,
            }
        engines: { node: '>= 0.4' }

    combined-stream@1.0.8:
        resolution:
            {
                integrity: sha512-FQN4MRfuJeHf7cBbBMJFXhKSDq+2kAArBlmRBvcvFE5BB1HZKXtSFASDhdlz9zOYwxh8lDdnvmMOe/+5cdoEdg==,
            }
        engines: { node: '>= 0.8' }

    debug@4.4.0:
        resolution:
            {
                integrity: sha512-6WTZ/IxCY/T6BALoZHaE4ctp9xm+Z5kY/pzYaCHRFeyVhojxlrm+46y68HA6hr0TcwEssoxNiDEUJQjfPZ/RYA==,
            }
        engines: { node: '>=6.0' }
        peerDependencies:
            supports-color: '*'
        peerDependenciesMeta:
            supports-color:
                optional: true

    delayed-stream@1.0.0:
        resolution:
            {
                integrity: sha512-ZySD7Nf91aLB0RxL4KGrKHBXl7Eds1DAmEdcoVawXnLD7SDhpNgtuII2aAkg7a7QS41jxPSZ17p4VdGnMHk3MQ==,
            }
        engines: { node: '>=0.4.0' }

    dunder-proto@1.0.1:
        resolution:
            {
                integrity: sha512-KIN/nDJBQRcXw0MLVhZE9iQHmG68qAVIBg9CqmUYjmQIhgij9U5MFvrqkUL5FbtyyzZuOeOt0zdeRe4UY7ct+A==,
            }
        engines: { node: '>= 0.4' }

    es-define-property@1.0.1:
        resolution:
            {
                integrity: sha512-e3nRfgfUZ4rNGL232gUgX06QNyyez04KdjFrF+LTRoOXmrOgFKDg4BCdsjW8EnT69eqdYGmRpJwiPVYNrCaW3g==,
            }
        engines: { node: '>= 0.4' }

    es-errors@1.3.0:
        resolution:
            {
                integrity: sha512-Zf5H2Kxt2xjTvbJvP2ZWLEICxA6j+hAmMzIlypy4xcBg1vKVnx89Wy0GbS+kf5cwCVFFzdCFh2XSCFNULS6csw==,
            }
        engines: { node: '>= 0.4' }

    es-object-atoms@1.1.1:
        resolution:
            {
                integrity: sha512-FGgH2h8zKNim9ljj7dankFPcICIK9Cp5bm+c2gQSYePhpaG5+esrLODihIorn+Pe6FGJzWhXQotPv73jTaldXA==,
            }
        engines: { node: '>= 0.4' }

    es-set-tostringtag@2.1.0:
        resolution:
            {
                integrity: sha512-j6vWzfrGVfyXxge+O0x5sh6cvxAog0a/4Rdd2K36zCMV5eJ+/+tOAngRO8cODMNWbVRdVlmGZQL2YS3yR8bIUA==,
            }
        engines: { node: '>= 0.4' }

    follow-redirects@1.15.9:
        resolution:
            {
                integrity: sha512-gew4GsXizNgdoRyqmyfMHyAmXsZDk6mHkSxZFCzW9gwlbtOW44CDtYavM+y+72qD/Vq2l550kMF52DT8fOLJqQ==,
            }
        engines: { node: '>=4.0' }
        peerDependencies:
            debug: '*'
        peerDependenciesMeta:
            debug:
                optional: true

    form-data@4.0.2:
        resolution:
            {
                integrity: sha512-hGfm/slu0ZabnNt4oaRZ6uREyfCj6P4fT/n6A1rGV+Z0VdGXjfOhVUpkn6qVQONHGIFwmveGXyDs75+nr6FM8w==,
            }
        engines: { node: '>= 6' }

    function-bind@1.1.2:
        resolution:
            {
                integrity: sha512-7XHNxH7qX9xG5mIwxkhumTox/MIRNcOgDrxWsMt2pAr23WHp6MrRlN7FBSFpCpr+oVO0F744iUgR82nJMfG2SA==,
            }

    get-intrinsic@1.3.0:
        resolution:
            {
                integrity: sha512-9fSjSaos/fRIVIp+xSJlE6lfwhES7LNtKaCBIamHsjr2na1BiABJPo0mOjjz8GJDURarmCPGqaiVg5mfjb98CQ==,
            }
        engines: { node: '>= 0.4' }

    get-proto@1.0.1:
        resolution:
            {
                integrity: sha512-sTSfBjoXBp89JvIKIefqw7U2CCebsc74kiY6awiGogKtoSGbgjYE/G/+l9sF3MWFPNc9IcoOC4ODfKHfxFmp0g==,
            }
        engines: { node: '>= 0.4' }

    globals@11.12.0:
        resolution:
            {
                integrity: sha512-WOBp/EEGUiIsJSp7wcv/y6MO+lV9UoncWqxuFfm8eBwzWNgyfBd6Gz+IeKQ9jCmyhoH99g15M3T+QaVHFjizVA==,
            }
        engines: { node: '>=4' }

    gopd@1.2.0:
        resolution:
            {
                integrity: sha512-ZUKRh6/kUFoAiTAtTYPZJ3hw9wNxx+BIBOijnlG9PnrJsCcSjs1wyyD6vJpaYtgnzDrKYRSqf3OO6Rfa93xsRg==,
            }
        engines: { node: '>= 0.4' }

    gql.tada@1.8.10:
        resolution:
            {
                integrity: sha512-FrvSxgz838FYVPgZHGOSgbpOjhR+yq44rCzww3oOPJYi0OvBJjAgCiP6LEokZIYND2fUTXzQAyLgcvgw1yNP5A==,
            }
        hasBin: true
        peerDependencies:
            typescript: ^5.0.0

    graphql@16.11.0:
        resolution:
            {
                integrity: sha512-mS1lbMsxgQj6hge1XZ6p7GPhbrtFwUFYi3wRzXAC/FmYnyXMTvvI3td3rjmQ2u8ewXueaSvRPWaEcgVVOT9Jnw==,
            }
        engines: { node: ^12.22.0 || ^14.16.0 || ^16.0.0 || >=17.0.0 }

    has-symbols@1.1.0:
        resolution:
            {
                integrity: sha512-1cDNdwJ2Jaohmb3sg4OmKaMBwuC48sYni5HUw2DvsC8LjGTLK9h+eb1X6RyuOHe4hT0ULCW68iomhjUoKUqlPQ==,
            }
        engines: { node: '>= 0.4' }

    has-tostringtag@1.0.2:
        resolution:
            {
                integrity: sha512-NqADB8VjPFLM2V0VvHUewwwsw0ZWBaIdgo+ieHtK3hasLz4qeCRjYcqfB6AQrBggRKppKF8L52/VqdVsO47Dlw==,
            }
        engines: { node: '>= 0.4' }

    hasown@2.0.2:
        resolution:
            {
                integrity: sha512-0hJU9SCPvmMzIBdZFqNPXWa6dqh7WdH0cII9y+CyS8rG3nL48Bclra9HmKhVVUHyPWNH5Y7xDwAB7bfgSjkUMQ==,
            }
        engines: { node: '>= 0.4' }

    js-tokens@4.0.0:
        resolution:
            {
                integrity: sha512-RdJUflcE3cUzKiMqQgsCu06FPu9UdIJO0beYbPhHN4k6apgJtifcoCtT9bcxOpYBtpD2kCM6Sbzg4CausW/PKQ==,
            }

    jsesc@3.1.0:
        resolution:
            {
                integrity: sha512-/sM3dO2FOzXjKQhJuo0Q173wf2KOo8t4I8vHy6lF9poUp7bKT0/NHE8fPX23PwfhnykfqnC2xRxOnVw5XuGIaA==,
            }
        engines: { node: '>=6' }
        hasBin: true

    math-intrinsics@1.1.0:
        resolution:
            {
                integrity: sha512-/IXtbwEk5HTPyEwyKX6hGkYXxM9nbj64B+ilVJnC/R6B0pH5G4V3b0pVbL7DBj4tkhBAppbQUlf6F6Xl9LHu1g==,
            }
        engines: { node: '>= 0.4' }

    mime-db@1.52.0:
        resolution:
            {
                integrity: sha512-sPU4uV7dYlvtWJxwwxHD0PuihVNiE7TyAbQ5SWxDCB9mUYvOgroQOwYQQOKPJ8CIbE+1ETVlOoK1UC2nU3gYvg==,
            }
        engines: { node: '>= 0.6' }

    mime-types@2.1.35:
        resolution:
            {
                integrity: sha512-ZDY+bPm5zTTF+YpCrAU9nK0UgICYPT0QtT1NZWFv4s++TNkcgVaT0g6+4R2uI4MjQjzysHB1zxuWL50hzaeXiw==,
            }
        engines: { node: '>= 0.6' }

    ms@2.1.3:
        resolution:
            {
                integrity: sha512-6FlzubTLZG3J2a/NVCAleEhjzq5oxgHyaCU9yYXvcLsvoVaHJq/s5xXI6/XXP6tz7R9xAOtHnSO/tXtF3WRTlA==,
            }

    picocolors@1.1.1:
        resolution:
            {
                integrity: sha512-xceH2snhtb5M9liqDsmEw56le376mTZkEX/jEb/RxNFyegNul7eNslCXP9FDj/Lcu0X8KEyMceP2ntpaHrDEVA==,
            }

    prettier@3.5.3:
        resolution:
            {
                integrity: sha512-QQtaxnoDJeAkDvDKWCLiwIXkTgRhwYDEQCghU9Z6q03iyek/rxRh/2lC3HB7P8sWT2xC/y5JDctPLBIGzHKbhw==,
            }
        engines: { node: '>=14' }
        hasBin: true

    proxy-from-env@1.1.0:
        resolution:
            {
                integrity: sha512-D+zkORCbA9f1tdWRK0RaCR3GPv50cMxcrz4X8k5LTSUD1Dkw47mKJEZQNunItRTkWwgtaUSo1RVFRIG9ZXiFYg==,
            }

    semver@7.7.2:
        resolution:
            {
                integrity: sha512-RF0Fw+rO5AMf9MAyaRXI4AV0Ulj5lMHqVxxdSgiVbixSCXoEmmX/jk0CuJw4+3SqroYO9VoUh+HcuJivvtJemA==,
            }
        engines: { node: '>=10' }
        hasBin: true

    tweetnacl@1.0.3:
        resolution:
            {
                integrity: sha512-6rt+RN7aOi1nGMyC4Xa5DdYiukl2UWCbcJft7YhxReBGQD7OAM8Pbxw6YMo4r2diNEA8FEmu32YOn9rhaiE5yw==,
            }

    typescript@5.8.3:
        resolution:
            {
                integrity: sha512-p1diW6TqL9L07nNxvRMM7hMMw4c5XOo/1ibL4aAIGmSAt9slTE1Xgw5KWuof2uTOvCg9BY7ZRi+GaF+7sfgPeQ==,
            }
        engines: { node: '>=14.17' }
        hasBin: true

    undici-types@6.21.0:
        resolution:
            {
                integrity: sha512-iwDZqg0QAGrg9Rav5H4n0M64c3mkR59cJ6wQp+7C4nI0gsmExaedaYLNO44eT4AtBBwjbTiGPMlt2Md0T9H9JQ==,
            }

    valibot@0.36.0:
        resolution:
            {
                integrity: sha512-CjF1XN4sUce8sBK9TixrDqFM7RwNkuXdJu174/AwmQUB62QbCQADg5lLe8ldBalFgtj1uKj+pKwDJiNo4Mn+eQ==,
            }

    ws@8.18.2:
        resolution:
            {
                integrity: sha512-DMricUmwGZUVr++AEAe2uiVM7UoO9MAVZMDu05UQOaUII0lp+zOzLLU4Xqh/JvTqklB1T4uELaaPBKyjE1r4fQ==,
            }
        engines: { node: '>=10.0.0' }
        peerDependencies:
            bufferutil: ^4.0.1
            utf-8-validate: '>=5.0.2'
        peerDependenciesMeta:
            bufferutil:
                optional: true
            utf-8-validate:
                optional: true

snapshots:
    '@0no-co/graphql.web@1.1.2(graphql@16.11.0)':
        optionalDependencies:
            graphql: 16.11.0

    '@0no-co/graphqlsp@1.12.16(graphql@16.11.0)(typescript@5.8.3)':
        dependencies:
            '@gql.tada/internal': 1.0.8(graphql@16.11.0)(typescript@5.8.3)
            graphql: 16.11.0
            typescript: 5.8.3

    '@babel/code-frame@7.27.1':
        dependencies:
            '@babel/helper-validator-identifier': 7.27.1
            js-tokens: 4.0.0
            picocolors: 1.1.1

    '@babel/generator@7.27.1':
        dependencies:
            '@babel/parser': 7.27.2
            '@babel/types': 7.27.1
            '@jridgewell/gen-mapping': 0.3.8
            '@jridgewell/trace-mapping': 0.3.25
            jsesc: 3.1.0

    '@babel/helper-string-parser@7.27.1': {}

    '@babel/helper-validator-identifier@7.27.1': {}

    '@babel/parser@7.27.2':
        dependencies:
            '@babel/types': 7.27.1

    '@babel/template@7.27.2':
        dependencies:
            '@babel/code-frame': 7.27.1
            '@babel/parser': 7.27.2
            '@babel/types': 7.27.1

    '@babel/traverse@7.27.1':
        dependencies:
            '@babel/code-frame': 7.27.1
            '@babel/generator': 7.27.1
            '@babel/parser': 7.27.2
            '@babel/template': 7.27.2
            '@babel/types': 7.27.1
            debug: 4.4.0
            globals: 11.12.0
        transitivePeerDependencies:
            - supports-color

    '@babel/types@7.27.1':
        dependencies:
            '@babel/helper-string-parser': 7.27.1
            '@babel/helper-validator-identifier': 7.27.1

    '@gql.tada/cli-utils@1.6.3(@0no-co/graphqlsp@1.12.16(graphql@16.11.0)(typescript@5.8.3))(graphql@16.11.0)(typescript@5.8.3)':
        dependencies:
            '@0no-co/graphqlsp': 1.12.16(graphql@16.11.0)(typescript@5.8.3)
            '@gql.tada/internal': 1.0.8(graphql@16.11.0)(typescript@5.8.3)
            graphql: 16.11.0
            typescript: 5.8.3

    '@gql.tada/internal@1.0.8(graphql@16.11.0)(typescript@5.8.3)':
        dependencies:
            '@0no-co/graphql.web': 1.1.2(graphql@16.11.0)
            graphql: 16.11.0
            typescript: 5.8.3

    '@graphql-typed-document-node/core@3.2.0(graphql@16.11.0)':
        dependencies:
            graphql: 16.11.0

    '@ianvs/prettier-plugin-sort-imports@4.4.1(prettier@3.5.3)':
        dependencies:
            '@babel/generator': 7.27.1
            '@babel/parser': 7.27.2
            '@babel/traverse': 7.27.1
            '@babel/types': 7.27.1
            prettier: 3.5.3
            semver: 7.7.2
        transitivePeerDependencies:
            - supports-color

    '@iota/bcs@1.0.0':
        dependencies:
            bs58: 6.0.0

    '@iota/iota-sdk@1.0.1(typescript@5.8.3)':
        dependencies:
            '@graphql-typed-document-node/core': 3.2.0(graphql@16.11.0)
            '@iota/bcs': 1.0.0
            '@noble/curves': 1.9.0
            '@noble/hashes': 1.8.0
            '@scure/bip32': 1.7.0
            '@scure/bip39': 1.6.0
            '@suchipi/femver': 1.0.0
            bech32: 2.0.0
            gql.tada: 1.8.10(graphql@16.11.0)(typescript@5.8.3)
            graphql: 16.11.0
            tweetnacl: 1.0.3
            valibot: 0.36.0
        transitivePeerDependencies:
            - '@gql.tada/svelte-support'
            - '@gql.tada/vue-support'
            - typescript

    '@jridgewell/gen-mapping@0.3.8':
        dependencies:
            '@jridgewell/set-array': 1.2.1
            '@jridgewell/sourcemap-codec': 1.5.0
            '@jridgewell/trace-mapping': 0.3.25

    '@jridgewell/resolve-uri@3.1.2': {}

    '@jridgewell/set-array@1.2.1': {}

    '@jridgewell/sourcemap-codec@1.5.0': {}

    '@jridgewell/trace-mapping@0.3.25':
        dependencies:
            '@jridgewell/resolve-uri': 3.1.2
            '@jridgewell/sourcemap-codec': 1.5.0

    '@noble/curves@1.9.0':
        dependencies:
            '@noble/hashes': 1.8.0

    '@noble/hashes@1.8.0': {}

    '@scure/base@1.2.5': {}

    '@scure/bip32@1.7.0':
        dependencies:
            '@noble/curves': 1.9.0
            '@noble/hashes': 1.8.0
            '@scure/base': 1.2.5

    '@scure/bip39@1.6.0':
        dependencies:
            '@noble/hashes': 1.8.0
            '@scure/base': 1.2.5

    '@suchipi/femver@1.0.0': {}

    '@types/node@22.15.17':
        dependencies:
            undici-types: 6.21.0

    '@types/ws@8.18.1':
        dependencies:
            '@types/node': 22.15.17

    asynckit@0.4.0: {}

    axios@1.9.0:
        dependencies:
            follow-redirects: 1.15.9
            form-data: 4.0.2
            proxy-from-env: 1.1.0
        transitivePeerDependencies:
            - debug

    base-x@5.0.1: {}

    bech32@2.0.0: {}

    bs58@6.0.0:
        dependencies:
            base-x: 5.0.1

    call-bind-apply-helpers@1.0.2:
        dependencies:
            es-errors: 1.3.0
            function-bind: 1.1.2

    combined-stream@1.0.8:
        dependencies:
            delayed-stream: 1.0.0

    debug@4.4.0:
        dependencies:
            ms: 2.1.3

    delayed-stream@1.0.0: {}

    dunder-proto@1.0.1:
        dependencies:
            call-bind-apply-helpers: 1.0.2
            es-errors: 1.3.0
            gopd: 1.2.0

    es-define-property@1.0.1: {}

    es-errors@1.3.0: {}

    es-object-atoms@1.1.1:
        dependencies:
            es-errors: 1.3.0

    es-set-tostringtag@2.1.0:
        dependencies:
            es-errors: 1.3.0
            get-intrinsic: 1.3.0
            has-tostringtag: 1.0.2
            hasown: 2.0.2

    follow-redirects@1.15.9: {}

    form-data@4.0.2:
        dependencies:
            asynckit: 0.4.0
            combined-stream: 1.0.8
            es-set-tostringtag: 2.1.0
            mime-types: 2.1.35

    function-bind@1.1.2: {}

    get-intrinsic@1.3.0:
        dependencies:
            call-bind-apply-helpers: 1.0.2
            es-define-property: 1.0.1
            es-errors: 1.3.0
            es-object-atoms: 1.1.1
            function-bind: 1.1.2
            get-proto: 1.0.1
            gopd: 1.2.0
            has-symbols: 1.1.0
            hasown: 2.0.2
            math-intrinsics: 1.1.0

    get-proto@1.0.1:
        dependencies:
            dunder-proto: 1.0.1
            es-object-atoms: 1.1.1

    globals@11.12.0: {}

    gopd@1.2.0: {}

    gql.tada@1.8.10(graphql@16.11.0)(typescript@5.8.3):
        dependencies:
            '@0no-co/graphql.web': 1.1.2(graphql@16.11.0)
            '@0no-co/graphqlsp': 1.12.16(graphql@16.11.0)(typescript@5.8.3)
            '@gql.tada/cli-utils': 1.6.3(@0no-co/graphqlsp@1.12.16(graphql@16.11.0)(typescript@5.8.3))(graphql@16.11.0)(typescript@5.8.3)
            '@gql.tada/internal': 1.0.8(graphql@16.11.0)(typescript@5.8.3)
            typescript: 5.8.3
        transitivePeerDependencies:
            - '@gql.tada/svelte-support'
            - '@gql.tada/vue-support'
            - graphql

    graphql@16.11.0: {}

    has-symbols@1.1.0: {}

    has-tostringtag@1.0.2:
        dependencies:
            has-symbols: 1.1.0

    hasown@2.0.2:
        dependencies:
            function-bind: 1.1.2

    js-tokens@4.0.0: {}

    jsesc@3.1.0: {}

    math-intrinsics@1.1.0: {}

    mime-db@1.52.0: {}

    mime-types@2.1.35:
        dependencies:
            mime-db: 1.52.0

    ms@2.1.3: {}

    picocolors@1.1.1: {}

    prettier@3.5.3: {}

    proxy-from-env@1.1.0: {}

    semver@7.7.2: {}

    tweetnacl@1.0.3: {}

    typescript@5.8.3: {}

    undici-types@6.21.0: {}

    valibot@0.36.0: {}

    ws@8.18.2: {}
