# @generated by Move, please check-in and do not edit manually.

[move]
version = 3
manifest_digest = "AAEEBEFD1DBDA6092362EE06AB93B21246162D8D016C1A5E110B9161980E41D0"
deps_digest = "F8BBB0CCB2491CA29A3DF03D6F92277A4F3574266507ACD77214D37ECA3F3082"
dependencies = [
  { id = "Iota", name = "Iota" },
]

[[move.package]]
id = "Iota"
source = { git = "https://github.com/iotaledger/iota.git", rev = "testnet", subdir = "crates/iota-framework/packages/iota-framework" }

dependencies = [
  { id = "MoveStdlib", name = "MoveStdlib" },
]

[[move.package]]
id = "MoveStdlib"
source = { git = "https://github.com/iotaledger/iota.git", rev = "testnet", subdir = "crates/iota-framework/packages/move-stdlib" }

[move.toolchain-version]
compiler-version = "1.1.0-alpha"
edition = "2024.beta"
flavor = "iota"

[env]

[env.devnet]
chain-id = "e678123a"
original-published-id = "0x25ee69608c70f9d614790e8a46aa32c18798c4fa9cfc20e5dd0ec1f7505bd5ef"
latest-published-id = "0x25ee69608c70f9d614790e8a46aa32c18798c4fa9cfc20e5dd0ec1f7505bd5ef"
published-version = "1"
